{
    "name": "vuepress-plugin-autometa",
    "lockfileVersion": 3,
    "requires": true,
    "packages": {
        "": {
            "name": "vuepress-plugin-autometa",
            "dependencies": {
                "lodash.defaultsdeep": "4.6.1",
                "lodash.findindex": "4.6.0",
                "lodash.isempty": "4.4.0",
                "lodash.trimend": "^4.5.1",
                "lodash.trimstart": "^4.5.1",
                "remove-markdown": "0.3.0",
                "striptags": "3.1.1"
            }
        },
        "node_modules/lodash.defaultsdeep": {
            "version": "4.6.1",
            "resolved": "https://registry.npmmirror.com/lodash.defaultsdeep/-/lodash.defaultsdeep-4.6.1.tgz",
            "integrity": "sha512-3j8wdDzYuWO3lM3Reg03MuQR957t287Rpcxp1njpEa8oDrikb+FwGdW3n+FELh/A6qib6yPit0j/pv9G/yeAqA=="
        },
        "node_modules/lodash.findindex": {
            "version": "4.6.0",
            "resolved": "https://registry.npmmirror.com/lodash.findindex/-/lodash.findindex-4.6.0.tgz",
            "integrity": "sha512-9er6Ccz6sEST3bHFtUrCFWk14nE8cdL/RoW1RRDV1BxqN3qsmsT56L14jhfctAqhVPVcdJw4MRxEaVoAK+JVvw=="
        },
        "node_modules/lodash.isempty": {
            "version": "4.4.0",
            "resolved": "https://registry.npmmirror.com/lodash.isempty/-/lodash.isempty-4.4.0.tgz",
            "integrity": "sha512-oKMuF3xEeqDltrGMfDxAPGIVMSSRv8tbRSODbrs4KGsRRLEhrW8N8Rd4DRgB2+621hY8A8XwwrTVhXWpxFvMzg=="
        },
        "node_modules/lodash.trimend": {
            "version": "4.5.1",
            "resolved": "https://registry.npmmirror.com/lodash.trimend/-/lodash.trimend-4.5.1.tgz",
            "integrity": "sha512-lsD+k73XztDsMBKPKvzHXRKFNMohTjoTKIIo4ADLn5dA65LZ1BqlAvSXhR2rPEC3BgAUQnzMnorqDtqn2z4IHA=="
        },
        "node_modules/lodash.trimstart": {
            "version": "4.5.1",
            "resolved": "https://registry.npmmirror.com/lodash.trimstart/-/lodash.trimstart-4.5.1.tgz",
            "integrity": "sha512-b/+D6La8tU76L/61/aN0jULWHkT0EeJCmVstPBn/K9MtD2qBW83AsBNrr63dKuWYwVMO7ucv13QNO/Ek/2RKaQ=="
        },
        "node_modules/remove-markdown": {
            "version": "0.3.0",
            "resolved": "https://registry.npmmirror.com/remove-markdown/-/remove-markdown-0.3.0.tgz",
            "integrity": "sha512-5392eIuy1mhjM74739VunOlsOYKjsH82rQcTBlJ1bkICVC3dQ3ksQzTHh4jGHQFnM+1xzLzcFOMH+BofqXhroQ=="
        },
        "node_modules/striptags": {
            "version": "3.1.1",
            "resolved": "https://registry.npmmirror.com/striptags/-/striptags-3.1.1.tgz",
            "integrity": "sha512-3HVl+cOkJOlNUDAYdoCAfGx/fzUzG53YvJAl3RYlTvAcBdPqSp1Uv4wrmHymm7oEypTijSQqcqplW8cz0/r/YA=="
        }
    }
}
